
Microsoft Visual Studio Solution File, Format Version 12.00
# Visual Studio Version 17
VisualStudioVersion = 17.6.33723.286
MinimumVisualStudioVersion = 10.0.40219.1
Project("{FAE04EC0-301F-11D3-BF4B-00C04F79EFBC}") = "BloodDonationManagement", "BloodDonationManagement\BloodDonationManagement.csproj", "{3EA12566-F834-4380-B71D-DE31748C5DD5}"
EndProject
Global
	GlobalSection(SolutionConfigurationPlatforms) = preSolution
		Debug|Any CPU = Debug|Any CPU
		Release|Any CPU = Release|Any CPU
	EndGlobalSection
	GlobalSection(ProjectConfigurationPlatforms) = postSolution
		{3EA12566-F834-4380-B71D-DE31748C5DD5}.Debug|Any CPU.ActiveCfg = Debug|Any CPU
		{3EA12566-F834-4380-B71D-DE31748C5DD5}.Debug|Any CPU.Build.0 = Debug|Any CPU
		{3EA12566-F834-4380-B71D-DE31748C5DD5}.Release|Any CPU.ActiveCfg = Release|Any CPU
		{3EA12566-F834-4380-B71D-DE31748C5DD5}.Release|Any CPU.Build.0 = Release|Any CPU
	EndGlobalSection
	GlobalSection(SolutionProperties) = preSolution
		HideSolutionNode = FALSE
	EndGlobalSection
	GlobalSection(ExtensibilityGlobals) = postSolution
		SolutionGuid = {285FEBAE-C252-4DAA-B920-3B8E093CFD85}
	EndGlobalSection
EndGlobal
